// !$*UTF8*$!
{
	archiveVersion = 1;
	classes = {
	};
	objectVersion = 50;
	objects = {

/* Begin PBXBuildFile section */
		BD67729D27623893003386F5 /* Persistence.swift in Sources */ = {isa = PBXBuildFile; fileRef = BD67729C27623893003386F5 /* Persistence.swift */; };
		BD6772A0276238D0003386F5 /* NewIntervalView.swift in Sources */ = {isa = PBXBuildFile; fileRef = BD67729F276238D0003386F5 /* NewIntervalView.swift */; };
		BD6772A3276238F1003386F5 /* CounterView.swift in Sources */ = {isa = PBXBuildFile; fileRef = BD6772A2276238F1003386F5 /* CounterView.swift */; };
		BD6772A62762391F003386F5 /* IntervalModel.swift in Sources */ = {isa = PBXBuildFile; fileRef = BD6772A52762391F003386F5 /* IntervalModel.swift */; };
		BD6772A927623950003386F5 /* CalendarView.swift in Sources */ = {isa = PBXBuildFile; fileRef = BD6772A827623950003386F5 /* CalendarView.swift */; };
		BD6772AE27623A2C003386F5 /* IntervallFasten.xcdatamodeld in Sources */ = {isa = PBXBuildFile; fileRef = BD6772AC27623A2C003386F5 /* IntervallFasten.xcdatamodeld */; };
		BD6772B327624156003386F5 /* WeightView.swift in Sources */ = {isa = PBXBuildFile; fileRef = BD6772B227624156003386F5 /* WeightView.swift */; };
		BD9FC1BB271867BB007E0941 /* IntervallfastenApp.swift in Sources */ = {isa = PBXBuildFile; fileRef = BD9FC1BA271867BB007E0941 /* IntervallfastenApp.swift */; };
		BD9FC1BD271867BB007E0941 /* ContentView.swift in Sources */ = {isa = PBXBuildFile; fileRef = BD9FC1BC271867BB007E0941 /* ContentView.swift */; };
		BD9FC1BF271867BD007E0941 /* Assets.xcassets in Resources */ = {isa = PBXBuildFile; fileRef = BD9FC1BE271867BD007E0941 /* Assets.xcassets */; };
		BD9FC1C2271867BD007E0941 /* Preview Assets.xcassets in Resources */ = {isa = PBXBuildFile; fileRef = BD9FC1C1271867BD007E0941 /* Preview Assets.xcassets */; };
/* End PBXBuildFile section */

/* Begin PBXFileReference section */
		BD67729C27623893003386F5 /* Persistence.swift */ = {isa = PBXFileReference; lastKnownFileType = sourcecode.swift; path = Persistence.swift; sourceTree = "<group>"; };
		BD67729F276238D0003386F5 /* NewIntervalView.swift */ = {isa = PBXFileReference; lastKnownFileType = sourcecode.swift; path = NewIntervalView.swift; sourceTree = "<group>"; };
		BD6772A2276238F1003386F5 /* CounterView.swift */ = {isa = PBXFileReference; lastKnownFileType = sourcecode.swift; path = CounterView.swift; sourceTree = "<group>"; };
		BD6772A52762391F003386F5 /* IntervalModel.swift */ = {isa = PBXFileReference; lastKnownFileType = sourcecode.swift; path = IntervalModel.swift; sourceTree = "<group>"; };
		BD6772A827623950003386F5 /* CalendarView.swift */ = {isa = PBXFileReference; lastKnownFileType = sourcecode.swift; path = CalendarView.swift; sourceTree = "<group>"; };
		BD6772AD27623A2C003386F5 /* IntervallFasten.xcdatamodel */ = {isa = PBXFileReference; lastKnownFileType = wrapper.xcdatamodel; path = IntervallFasten.xcdatamodel; sourceTree = "<group>"; };
		BD6772B227624156003386F5 /* WeightView.swift */ = {isa = PBXFileReference; lastKnownFileType = sourcecode.swift; path = WeightView.swift; sourceTree = "<group>"; };
		BD9FC1B7271867BB007E0941 /* Intervallfasten.app */ = {isa = PBXFileReference; explicitFileType = wrapper.application; includeInIndex = 0; path = Intervallfasten.app; sourceTree = BUILT_PRODUCTS_DIR; };
		BD9FC1BA271867BB007E0941 /* IntervallfastenApp.swift */ = {isa = PBXFileReference; lastKnownFileType = sourcecode.swift; path = IntervallfastenApp.swift; sourceTree = "<group>"; };
		BD9FC1BC271867BB007E0941 /* ContentView.swift */ = {isa = PBXFileReference; lastKnownFileType = sourcecode.swift; path = ContentView.swift; sourceTree = "<group>"; };
		BD9FC1BE271867BD007E0941 /* Assets.xcassets */ = {isa = PBXFileReference; lastKnownFileType = folder.assetcatalog; path = Assets.xcassets; sourceTree = "<group>"; };
		BD9FC1C1271867BD007E0941 /* Preview Assets.xcassets */ = {isa = PBXFileReference; lastKnownFileType = folder.assetcatalog; path = "Preview Assets.xcassets"; sourceTree = "<group>"; };
		BD9FC1C3271867BD007E0941 /* Info.plist */ = {isa = PBXFileReference; lastKnownFileType = text.plist.xml; path = Info.plist; sourceTree = "<group>"; };
/* End PBXFileReference section */

/* Begin PBXFrameworksBuildPhase section */
		BD9FC1B4271867BB007E0941 /* Frameworks */ = {
			isa = PBXFrameworksBuildPhase;
			buildActionMask = 2147483647;
			files = (
			);
			runOnlyForDeploymentPostprocessing = 0;
		};
/* End PBXFrameworksBuildPhase section */

/* Begin PBXGroup section */
		BD9FC1AE271867BB007E0941 = {
			isa = PBXGroup;
			children = (
				BD9FC1B9271867BB007E0941 /* Intervallfasten */,
				BD9FC1B8271867BB007E0941 /* Products */,
			);
			sourceTree = "<group>";
		};
		BD9FC1B8271867BB007E0941 /* Products */ = {
			isa = PBXGroup;
			children = (
				BD9FC1B7271867BB007E0941 /* Intervallfasten.app */,
			);
			name = Products;
			sourceTree = "<group>";
		};
		BD9FC1B9271867BB007E0941 /* Intervallfasten */ = {
			isa = PBXGroup;
			children = (
				BD9FC1BA271867BB007E0941 /* IntervallfastenApp.swift */,
				BD9FC1BC271867BB007E0941 /* ContentView.swift */,
				BD9FC1BE271867BD007E0941 /* Assets.xcassets */,
				BD9FC1C3271867BD007E0941 /* Info.plist */,
				BD9FC1C0271867BD007E0941 /* Preview Content */,
				BD67729C27623893003386F5 /* Persistence.swift */,
				BD67729F276238D0003386F5 /* NewIntervalView.swift */,
				BD6772A2276238F1003386F5 /* CounterView.swift */,
				BD6772A52762391F003386F5 /* IntervalModel.swift */,
				BD6772A827623950003386F5 /* CalendarView.swift */,
				BD6772AC27623A2C003386F5 /* IntervallFasten.xcdatamodeld */,
				BD6772B227624156003386F5 /* WeightView.swift */,
			);
			path = Intervallfasten;
			sourceTree = "<group>";
		};
		BD9FC1C0271867BD007E0941 /* Preview Content */ = {
			isa = PBXGroup;
			children = (
				BD9FC1C1271867BD007E0941 /* Preview Assets.xcassets */,
			);
			path = "Preview Content";
			sourceTree = "<group>";
		};
/* End PBXGroup section */

/* Begin PBXNativeTarget section */
		BD9FC1B6271867BB007E0941 /* Intervallfasten */ = {
			isa = PBXNativeTarget;
			buildConfigurationList = BD9FC1C6271867BD007E0941 /* Build configuration list for PBXNativeTarget "Intervallfasten" */;
			buildPhases = (
				BD9FC1B3271867BB007E0941 /* Sources */,
				BD9FC1B4271867BB007E0941 /* Frameworks */,
				BD9FC1B5271867BB007E0941 /* Resources */,
			);
			buildRules = (
			);
			dependencies = (
			);
			name = Intervallfasten;
			productName = Intervallfasten;
			productReference = BD9FC1B7271867BB007E0941 /* Intervallfasten.app */;
			productType = "com.apple.product-type.application";
		};
/* End PBXNativeTarget section */

/* Begin PBXProject section */
		BD9FC1AF271867BB007E0941 /* Project object */ = {
			isa = PBXProject;
			attributes = {
				LastSwiftUpdateCheck = 1240;
				LastUpgradeCheck = 1240;
				TargetAttributes = {
					BD9FC1B6271867BB007E0941 = {
						CreatedOnToolsVersion = 12.4;
					};
				};
			};
			buildConfigurationList = BD9FC1B2271867BB007E0941 /* Build configuration list for PBXProject "Intervallfasten" */;
			compatibilityVersion = "Xcode 9.3";
			developmentRegion = en;
			hasScannedForEncodings = 0;
			knownRegions = (
				en,
				Base,
			);
			mainGroup = BD9FC1AE271867BB007E0941;
			productRefGroup = BD9FC1B8271867BB007E0941 /* Products */;
			projectDirPath = "";
			projectRoot = "";
			targets = (
				BD9FC1B6271867BB007E0941 /* Intervallfasten */,
			);
		};
/* End PBXProject section */

/* Begin PBXResourcesBuildPhase section */
		BD9FC1B5271867BB007E0941 /* Resources */ = {
			isa = PBXResourcesBuildPhase;
			buildActionMask = 2147483647;
			files = (
				BD9FC1C2271867BD007E0941 /* Preview Assets.xcassets in Resources */,
				BD9FC1BF271867BD007E0941 /* Assets.xcassets in Resources */,
			);
			runOnlyForDeploymentPostprocessing = 0;
		};
/* End PBXResourcesBuildPhase section */

/* Begin PBXSourcesBuildPhase section */
		BD9FC1B3271867BB007E0941 /* Sources */ = {
			isa = PBXSourcesBuildPhase;
			buildActionMask = 2147483647;
			files = (
				BD67729D27623893003386F5 /* Persistence.swift in Sources */,
				BD6772A927623950003386F5 /* CalendarView.swift in Sources */,
				BD9FC1BD271867BB007E0941 /* ContentView.swift in Sources */,
				BD6772A62762391F003386F5 /* IntervalModel.swift in Sources */,
				BD6772A0276238D0003386F5 /* NewIntervalView.swift in Sources */,
				BD9FC1BB271867BB007E0941 /* IntervallfastenApp.swift in Sources */,
				BD6772B327624156003386F5 /* WeightView.swift in Sources */,
				BD6772AE27623A2C003386F5 /* IntervallFasten.xcdatamodeld in Sources */,
				BD6772A3276238F1003386F5 /* CounterView.swift in Sources */,
			);
			runOnlyForDeploymentPostprocessing = 0;
		};
/* End PBXSourcesBuildPhase section */

/* Begin XCBuildConfiguration section */
		BD9FC1C4271867BD007E0941 /* Debug */ = {
			isa = XCBuildConfiguration;
			buildSettings = {
				ALWAYS_SEARCH_USER_PATHS = NO;
				CLANG_ANALYZER_NONNULL = YES;
				CLANG_ANALYZER_NUMBER_OBJECT_CONVERSION = YES_AGGRESSIVE;
				CLANG_CXX_LANGUAGE_STANDARD = "gnu++14";
				CLANG_CXX_LIBRARY = "libc++";
				CLANG_ENABLE_MODULES = YES;
				CLANG_ENABLE_OBJC_ARC = YES;
				CLANG_ENABLE_OBJC_WEAK = YES;
				CLANG_WARN_BLOCK_CAPTURE_AUTORELEASING = YES;
				CLANG_WARN_BOOL_CONVERSION = YES;
				CLANG_WARN_COMMA = YES;
				CLANG_WARN_CONSTANT_CONVERSION = YES;
				CLANG_WARN_DEPRECATED_OBJC_IMPLEMENTATIONS = YES;
				CLANG_WARN_DIRECT_OBJC_ISA_USAGE = YES_ERROR;
				CLANG_WARN_DOCUMENTATION_COMMENTS = YES;
				CLANG_WARN_EMPTY_BODY = YES;
				CLANG_WARN_ENUM_CONVERSION = YES;
				CLANG_WARN_INFINITE_RECURSION = YES;
				CLANG_WARN_INT_CONVERSION = YES;
				CLANG_WARN_NON_LITERAL_NULL_CONVERSION = YES;
				CLANG_WARN_OBJC_IMPLICIT_RETAIN_SELF = YES;
				CLANG_WARN_OBJC_LITERAL_CONVERSION = YES;
				CLANG_WARN_OBJC_ROOT_CLASS = YES_ERROR;
				CLANG_WARN_QUOTED_INCLUDE_IN_FRAMEWORK_HEADER = YES;
				CLANG_WARN_RANGE_LOOP_ANALYSIS = YES;
				CLANG_WARN_STRICT_PROTOTYPES = YES;
				CLANG_WARN_SUSPICIOUS_MOVE = YES;
				CLANG_WARN_UNGUARDED_AVAILABILITY = YES_AGGRESSIVE;
				CLANG_WARN_UNREACHABLE_CODE = YES;
				CLANG_WARN__DUPLICATE_METHOD_MATCH = YES;
				COPY_PHASE_STRIP = NO;
				DEBUG_INFORMATION_FORMAT = dwarf;
				ENABLE_STRICT_OBJC_MSGSEND = YES;
				ENABLE_TESTABILITY = YES;
				GCC_C_LANGUAGE_STANDARD = gnu11;
				GCC_DYNAMIC_NO_PIC = NO;
				GCC_NO_COMMON_BLOCKS = YES;
				GCC_OPTIMIZATION_LEVEL = 0;
				GCC_PREPROCESSOR_DEFINITIONS = (
					"DEBUG=1",
					"$(inherited)",
				);
				GCC_WARN_64_TO_32_BIT_CONVERSION = YES;
				GCC_WARN_ABOUT_RETURN_TYPE = YES_ERROR;
				GCC_WARN_UNDECLARED_SELECTOR = YES;
				GCC_WARN_UNINITIALIZED_AUTOS = YES_AGGRESSIVE;
				GCC_WARN_UNUSED_FUNCTION = YES;
				GCC_WARN_UNUSED_VARIABLE = YES;
				IPHONEOS_DEPLOYMENT_TARGET = 14.4;
				MTL_ENABLE_DEBUG_INFO = INCLUDE_SOURCE;
				MTL_FAST_MATH = YES;
				ONLY_ACTIVE_ARCH = YES;
				SDKROOT = iphoneos;
				SWIFT_ACTIVE_COMPILATION_CONDITIONS = DEBUG;
				SWIFT_OPTIMIZATION_LEVEL = "-Onone";
			};
			name = Debug;
		};
		BD9FC1C5271867BD007E0941 /* Release */ = {
			isa = XCBuildConfiguration;
			buildSettings = {
				ALWAYS_SEARCH_USER_PATHS = NO;
				CLANG_ANALYZER_NONNULL = YES;
				CLANG_ANALYZER_NUMBER_OBJECT_CONVERSION = YES_AGGRESSIVE;
				CLANG_CXX_LANGUAGE_STANDARD = "gnu++14";
				CLANG_CXX_LIBRARY = "libc++";
				CLANG_ENABLE_MODULES = YES;
				CLANG_ENABLE_OBJC_ARC = YES;
				CLANG_ENABLE_OBJC_WEAK = YES;
				CLANG_WARN_BLOCK_CAPTURE_AUTORELEASING = YES;
				CLANG_WARN_BOOL_CONVERSION = YES;
				CLANG_WARN_COMMA = YES;
				CLANG_WARN_CONSTANT_CONVERSION = YES;
				CLANG_WARN_DEPRECATED_OBJC_IMPLEMENTATIONS = YES;
				CLANG_WARN_DIRECT_OBJC_ISA_USAGE = YES_ERROR;
				CLANG_WARN_DOCUMENTATION_COMMENTS = YES;
				CLANG_WARN_EMPTY_BODY = YES;
				CLANG_WARN_ENUM_CONVERSION = YES;
				CLANG_WARN_INFINITE_RECURSION = YES;
				CLANG_WARN_INT_CONVERSION = YES;
				CLANG_WARN_NON_LITERAL_NULL_CONVERSION = YES;
				CLANG_WARN_OBJC_IMPLICIT_RETAIN_SELF = YES;
				CLANG_WARN_OBJC_LITERAL_CONVERSION = YES;
				CLANG_WARN_OBJC_ROOT_CLASS = YES_ERROR;
				CLANG_WARN_QUOTED_INCLUDE_IN_FRAMEWORK_HEADER = YES;
				CLANG_WARN_RANGE_LOOP_ANALYSIS = YES;
				CLANG_WARN_STRICT_PROTOTYPES = YES;
				CLANG_WARN_SUSPICIOUS_MOVE = YES;
				CLANG_WARN_UNGUARDED_AVAILABILITY = YES_AGGRESSIVE;
				CLANG_WARN_UNREACHABLE_CODE = YES;
				CLANG_WARN__DUPLICATE_METHOD_MATCH = YES;
				COPY_PHASE_STRIP = NO;
				DEBUG_INFORMATION_FORMAT = "dwarf-with-dsym";
				ENABLE_NS_ASSERTIONS = NO;
				ENABLE_STRICT_OBJC_MSGSEND = YES;
				GCC_C_LANGUAGE_STANDARD = gnu11;
				GCC_NO_COMMON_BLOCKS = YES;
				GCC_WARN_64_TO_32_BIT_CONVERSION = YES;
				GCC_WARN_ABOUT_RETURN_TYPE = YES_ERROR;
				GCC_WARN_UNDECLARED_SELECTOR = YES;
				GCC_WARN_UNINITIALIZED_AUTOS = YES_AGGRESSIVE;
				GCC_WARN_UNUSED_FUNCTION = YES;
				GCC_WARN_UNUSED_VARIABLE = YES;
				IPHONEOS_DEPLOYMENT_TARGET = 14.4;
				MTL_ENABLE_DEBUG_INFO = NO;
				MTL_FAST_MATH = YES;
				SDKROOT = iphoneos;
				SWIFT_COMPILATION_MODE = wholemodule;
				SWIFT_OPTIMIZATION_LEVEL = "-O";
				VALIDATE_PRODUCT = YES;
			};
			name = Release;
		};
		BD9FC1C7271867BD007E0941 /* Debug */ = {
			isa = XCBuildConfiguration;
			buildSettings = {
				ASSETCATALOG_COMPILER_APPICON_NAME = AppIcon;
				ASSETCATALOG_COMPILER_GLOBAL_ACCENT_COLOR_NAME = AccentColor;
				CODE_SIGN_STYLE = Automatic;
				DEVELOPMENT_ASSET_PATHS = "\"Intervallfasten/Preview Content\"";
				ENABLE_PREVIEWS = YES;
				INFOPLIST_FILE = Intervallfasten/Info.plist;
				IPHONEOS_DEPLOYMENT_TARGET = 14.0;
				LD_RUNPATH_SEARCH_PATHS = (
					"$(inherited)",
					"@executable_path/Frameworks",
				);
				PRODUCT_BUNDLE_IDENTIFIER = at.htlwels.5bhit.Intervallfasten;
				PRODUCT_NAME = "$(TARGET_NAME)";
				SWIFT_VERSION = 5.0;
				TARGETED_DEVICE_FAMILY = "1,2";
			};
			name = Debug;
		};
		BD9FC1C8271867BD007E0941 /* Release */ = {
			isa = XCBuildConfiguration;
			buildSettings = {
				ASSETCATALOG_COMPILER_APPICON_NAME = AppIcon;
				ASSETCATALOG_COMPILER_GLOBAL_ACCENT_COLOR_NAME = AccentColor;
				CODE_SIGN_STYLE = Automatic;
				DEVELOPMENT_ASSET_PATHS = "\"Intervallfasten/Preview Content\"";
				ENABLE_PREVIEWS = YES;
				INFOPLIST_FILE = Intervallfasten/Info.plist;
				IPHONEOS_DEPLOYMENT_TARGET = 14.0;
				LD_RUNPATH_SEARCH_PATHS = (
					"$(inherited)",
					"@executable_path/Frameworks",
				);
				PRODUCT_BUNDLE_IDENTIFIER = at.htlwels.5bhit.Intervallfasten;
				PRODUCT_NAME = "$(TARGET_NAME)";
				SWIFT_VERSION = 5.0;
				TARGETED_DEVICE_FAMILY = "1,2";
			};
			name = Release;
		};
/* End XCBuildConfiguration section */

/* Begin XCConfigurationList section */
		BD9FC1B2271867BB007E0941 /* Build configuration list for PBXProject "Intervallfasten" */ = {
			isa = XCConfigurationList;
			buildConfigurations = (
				BD9FC1C4271867BD007E0941 /* Debug */,
				BD9FC1C5271867BD007E0941 /* Release */,
			);
			defaultConfigurationIsVisible = 0;
			defaultConfigurationName = Release;
		};
		BD9FC1C6271867BD007E0941 /* Build configuration list for PBXNativeTarget "Intervallfasten" */ = {
			isa = XCConfigurationList;
			buildConfigurations = (
				BD9FC1C7271867BD007E0941 /* Debug */,
				BD9FC1C8271867BD007E0941 /* Release */,
			);
			defaultConfigurationIsVisible = 0;
			defaultConfigurationName = Release;
		};
/* End XCConfigurationList section */

/* Begin XCVersionGroup section */
		BD6772AC27623A2C003386F5 /* IntervallFasten.xcdatamodeld */ = {
			isa = XCVersionGroup;
			children = (
				BD6772AD27623A2C003386F5 /* IntervallFasten.xcdatamodel */,
			);
			currentVersion = BD6772AD27623A2C003386F5 /* IntervallFasten.xcdatamodel */;
			path = IntervallFasten.xcdatamodeld;
			sourceTree = "<group>";
			versionGroupType = wrapper.xcdatamodel;
		};
/* End XCVersionGroup section */
	};
	rootObject = BD9FC1AF271867BB007E0941 /* Project object */;
}
